{
  "version": 4,
  "terraform_version": "1.4.5",
  "serial": 125,
  "lineage": "91d4aadf-cf28-2c7a-9ab7-afadf1420c0e",
  "outputs": {},
  "resources": [
    {
      "mode": "managed",
      "type": "google_compute_address",
      "name": "static-kubernetes",
      "provider": "provider[\"registry.terraform.io/hashicorp/google\"]",
      "instances": [
        {
          "schema_version": 0,
          "attributes": {
            "address": "34.32.141.134",
            "address_type": "EXTERNAL",
            "creation_timestamp": "2023-04-24T00:50:10.190-07:00",
            "description": "",
            "id": "projects/infrastructure-384423/regions/europe-west4/addresses/kubernetes-public-ip",
            "name": "kubernetes-public-ip",
            "network": "",
            "network_tier": "PREMIUM",
            "prefix_length": 0,
            "project": "infrastructure-384423",
            "purpose": "",
            "region": "europe-west4",
            "self_link": "https://www.googleapis.com/compute/v1/projects/infrastructure-384423/regions/europe-west4/addresses/kubernetes-public-ip",
            "subnetwork": "",
            "timeouts": null,
            "users": [
              "https://www.googleapis.com/compute/v1/projects/infrastructure-384423/regions/europe-west4/forwardingRules/kubernetes-forwarding-rule"
            ]
          },
          "sensitive_attributes": [],
          "private": "eyJlMmJmYjczMC1lY2FhLTExZTYtOGY4OC0zNDM2M2JjN2M0YzAiOnsiY3JlYXRlIjoxMjAwMDAwMDAwMDAwLCJkZWxldGUiOjEyMDAwMDAwMDAwMDB9fQ=="
        }
      ]
    },
    {
      "mode": "managed",
      "type": "google_compute_firewall",
      "name": "allow_external",
      "provider": "provider[\"registry.terraform.io/hashicorp/google\"]",
      "instances": [
        {
          "schema_version": 1,
          "attributes": {
            "allow": [
              {
                "ports": [
                  "22",
                  "6443"
                ],
                "protocol": "tcp"
              },
              {
                "ports": [],
                "protocol": "icmp"
              }
            ],
            "creation_timestamp": "2023-04-24T00:50:19.942-07:00",
            "deny": [],
            "description": "",
            "destination_ranges": [],
            "direction": "INGRESS",
            "disabled": false,
            "enable_logging": null,
            "id": "projects/infrastructure-384423/global/firewalls/kubernetes-allow-external",
            "log_config": [],
            "name": "kubernetes-allow-external",
            "network": "https://www.googleapis.com/compute/v1/projects/infrastructure-384423/global/networks/kubernetes",
            "priority": 1000,
            "project": "infrastructure-384423",
            "self_link": "https://www.googleapis.com/compute/v1/projects/infrastructure-384423/global/firewalls/kubernetes-allow-external",
            "source_ranges": [
              "0.0.0.0/0"
            ],
            "source_service_accounts": [],
            "source_tags": [],
            "target_service_accounts": [],
            "target_tags": [],
            "timeouts": null
          },
          "sensitive_attributes": [],
          "private": "eyJlMmJmYjczMC1lY2FhLTExZTYtOGY4OC0zNDM2M2JjN2M0YzAiOnsiY3JlYXRlIjoxMjAwMDAwMDAwMDAwLCJkZWxldGUiOjEyMDAwMDAwMDAwMDAsInVwZGF0ZSI6MTIwMDAwMDAwMDAwMH0sInNjaGVtYV92ZXJzaW9uIjoiMSJ9",
          "dependencies": [
            "google_compute_network.kubernetes"
          ]
        }
      ]
    },
    {
      "mode": "managed",
      "type": "google_compute_firewall",
      "name": "allow_internal",
      "provider": "provider[\"registry.terraform.io/hashicorp/google\"]",
      "instances": [
        {
          "schema_version": 1,
          "attributes": {
            "allow": [
              {
                "ports": [],
                "protocol": "icmp"
              },
              {
                "ports": [],
                "protocol": "tcp"
              },
              {
                "ports": [],
                "protocol": "udp"
              }
            ],
            "creation_timestamp": "2023-04-24T00:50:19.802-07:00",
            "deny": [],
            "description": "",
            "destination_ranges": [],
            "direction": "INGRESS",
            "disabled": false,
            "enable_logging": null,
            "id": "projects/infrastructure-384423/global/firewalls/kubernetes-allow-internal",
            "log_config": [],
            "name": "kubernetes-allow-internal",
            "network": "https://www.googleapis.com/compute/v1/projects/infrastructure-384423/global/networks/kubernetes",
            "priority": 1000,
            "project": "infrastructure-384423",
            "self_link": "https://www.googleapis.com/compute/v1/projects/infrastructure-384423/global/firewalls/kubernetes-allow-internal",
            "source_ranges": [
              "10.200.0.0/16",
              "10.240.0.0/24"
            ],
            "source_service_accounts": [],
            "source_tags": [],
            "target_service_accounts": [],
            "target_tags": [],
            "timeouts": null
          },
          "sensitive_attributes": [],
          "private": "eyJlMmJmYjczMC1lY2FhLTExZTYtOGY4OC0zNDM2M2JjN2M0YzAiOnsiY3JlYXRlIjoxMjAwMDAwMDAwMDAwLCJkZWxldGUiOjEyMDAwMDAwMDAwMDAsInVwZGF0ZSI6MTIwMDAwMDAwMDAwMH0sInNjaGVtYV92ZXJzaW9uIjoiMSJ9",
          "dependencies": [
            "google_compute_network.kubernetes"
          ]
        }
      ]
    },
    {
      "mode": "managed",
      "type": "google_compute_firewall",
      "name": "kubernetes-allow-health-check",
      "provider": "provider[\"registry.terraform.io/hashicorp/google\"]",
      "instances": [
        {
          "schema_version": 1,
          "attributes": {
            "allow": [
              {
                "ports": [],
                "protocol": "tcp"
              }
            ],
            "creation_timestamp": "2023-04-24T00:50:19.787-07:00",
            "deny": [],
            "description": "",
            "destination_ranges": [],
            "direction": "INGRESS",
            "disabled": false,
            "enable_logging": null,
            "id": "projects/infrastructure-384423/global/firewalls/kubernetes-allow-health-check",
            "log_config": [],
            "name": "kubernetes-allow-health-check",
            "network": "https://www.googleapis.com/compute/v1/projects/infrastructure-384423/global/networks/kubernetes",
            "priority": 1000,
            "project": "infrastructure-384423",
            "self_link": "https://www.googleapis.com/compute/v1/projects/infrastructure-384423/global/firewalls/kubernetes-allow-health-check",
            "source_ranges": [
              "209.85.152.0/22",
              "209.85.204.0/22",
              "35.191.0.0/16"
            ],
            "source_service_accounts": [],
            "source_tags": [],
            "target_service_accounts": [],
            "target_tags": [],
            "timeouts": null
          },
          "sensitive_attributes": [],
          "private": "eyJlMmJmYjczMC1lY2FhLTExZTYtOGY4OC0zNDM2M2JjN2M0YzAiOnsiY3JlYXRlIjoxMjAwMDAwMDAwMDAwLCJkZWxldGUiOjEyMDAwMDAwMDAwMDAsInVwZGF0ZSI6MTIwMDAwMDAwMDAwMH0sInNjaGVtYV92ZXJzaW9uIjoiMSJ9",
          "dependencies": [
            "google_compute_network.kubernetes"
          ]
        }
      ]
    },
    {
      "mode": "managed",
      "type": "google_compute_forwarding_rule",
      "name": "kubernetes-forwarding-rule",
      "provider": "provider[\"registry.terraform.io/hashicorp/google\"]",
      "instances": [
        {
          "schema_version": 0,
          "attributes": {
            "all_ports": false,
            "allow_global_access": false,
            "backend_service": "",
            "creation_timestamp": "2023-04-24T00:50:31.903-07:00",
            "description": "",
            "id": "projects/infrastructure-384423/regions/europe-west4/forwardingRules/kubernetes-forwarding-rule",
            "ip_address": "34.32.141.134",
            "ip_protocol": "TCP",
            "is_mirroring_collector": false,
            "label_fingerprint": "42WmSpB8rSM=",
            "labels": {},
            "load_balancing_scheme": "EXTERNAL",
            "name": "kubernetes-forwarding-rule",
            "network": "",
            "network_tier": "PREMIUM",
            "port_range": "6443",
            "ports": [],
            "project": "infrastructure-384423",
            "psc_connection_id": "",
            "psc_connection_status": "",
            "region": "europe-west4",
            "self_link": "https://www.googleapis.com/compute/v1/projects/infrastructure-384423/regions/europe-west4/forwardingRules/kubernetes-forwarding-rule",
            "service_directory_registrations": [],
            "service_label": "",
            "service_name": "",
            "subnetwork": "",
            "target": "projects/infrastructure-384423/regions/europe-west4/targetPools/kubernetes-target-pool",
            "timeouts": null
          },
          "sensitive_attributes": [],
          "private": "eyJlMmJmYjczMC1lY2FhLTExZTYtOGY4OC0zNDM2M2JjN2M0YzAiOnsiY3JlYXRlIjoxMjAwMDAwMDAwMDAwLCJkZWxldGUiOjEyMDAwMDAwMDAwMDAsInVwZGF0ZSI6MTIwMDAwMDAwMDAwMH19",
          "dependencies": [
            "google_compute_address.static-kubernetes",
            "google_compute_http_health_check.kubernetes-health-check",
            "google_compute_target_pool.kubernetes-target-pool"
          ]
        }
      ]
    },
    {
      "mode": "managed",
      "type": "google_compute_http_health_check",
      "name": "kubernetes-health-check",
      "provider": "provider[\"registry.terraform.io/hashicorp/google\"]",
      "instances": [
        {
          "schema_version": 0,
          "attributes": {
            "check_interval_sec": 5,
            "creation_timestamp": "2023-04-24T00:50:08.195-07:00",
            "description": "Kubernetes Health Check",
            "healthy_threshold": 2,
            "host": "kubernetes.default.svc.cluster.local",
            "id": "projects/infrastructure-384423/global/httpHealthChecks/kubernetes-health-check",
            "name": "kubernetes-health-check",
            "port": 80,
            "project": "infrastructure-384423",
            "request_path": "/healthz",
            "self_link": "https://www.googleapis.com/compute/v1/projects/infrastructure-384423/global/httpHealthChecks/kubernetes-health-check",
            "timeout_sec": 5,
            "timeouts": null,
            "unhealthy_threshold": 2
          },
          "sensitive_attributes": [],
          "private": "eyJlMmJmYjczMC1lY2FhLTExZTYtOGY4OC0zNDM2M2JjN2M0YzAiOnsiY3JlYXRlIjoxMjAwMDAwMDAwMDAwLCJkZWxldGUiOjEyMDAwMDAwMDAwMDAsInVwZGF0ZSI6MTIwMDAwMDAwMDAwMH19"
        }
      ]
    },
    {
      "mode": "managed",
      "type": "google_compute_network",
      "name": "kubernetes",
      "provider": "provider[\"registry.terraform.io/hashicorp/google\"]",
      "instances": [
        {
          "schema_version": 0,
          "attributes": {
            "auto_create_subnetworks": false,
            "delete_default_routes_on_create": false,
            "description": "",
            "enable_ula_internal_ipv6": false,
            "gateway_ipv4": "",
            "id": "projects/infrastructure-384423/global/networks/kubernetes",
            "internal_ipv6_range": "",
            "mtu": 1460,
            "name": "kubernetes",
            "network_firewall_policy_enforcement_order": "AFTER_CLASSIC_FIREWALL",
            "project": "infrastructure-384423",
            "routing_mode": "REGIONAL",
            "self_link": "https://www.googleapis.com/compute/v1/projects/infrastructure-384423/global/networks/kubernetes",
            "timeouts": null
          },
          "sensitive_attributes": [],
          "private": "eyJlMmJmYjczMC1lY2FhLTExZTYtOGY4OC0zNDM2M2JjN2M0YzAiOnsiY3JlYXRlIjoxMjAwMDAwMDAwMDAwLCJkZWxldGUiOjEyMDAwMDAwMDAwMDAsInVwZGF0ZSI6MTIwMDAwMDAwMDAwMH19"
        }
      ]
    },
    {
      "mode": "managed",
      "type": "google_compute_subnetwork",
      "name": "ew4-kubernetes",
      "provider": "provider[\"registry.terraform.io/hashicorp/google\"]",
      "instances": [
        {
          "schema_version": 0,
          "attributes": {
            "creation_timestamp": "2023-04-24T00:50:20.744-07:00",
            "description": "",
            "external_ipv6_prefix": "",
            "fingerprint": null,
            "gateway_address": "10.240.0.1",
            "id": "projects/infrastructure-384423/regions/europe-west4/subnetworks/ew4-kubernetes",
            "ip_cidr_range": "10.240.0.0/24",
            "ipv6_access_type": "",
            "ipv6_cidr_range": "",
            "log_config": [],
            "name": "ew4-kubernetes",
            "network": "https://www.googleapis.com/compute/v1/projects/infrastructure-384423/global/networks/kubernetes",
            "private_ip_google_access": false,
            "private_ipv6_google_access": "DISABLE_GOOGLE_ACCESS",
            "project": "infrastructure-384423",
            "purpose": "PRIVATE",
            "region": "europe-west4",
            "role": "",
            "secondary_ip_range": [],
            "self_link": "https://www.googleapis.com/compute/v1/projects/infrastructure-384423/regions/europe-west4/subnetworks/ew4-kubernetes",
            "stack_type": "IPV4_ONLY",
            "timeouts": null
          },
          "sensitive_attributes": [],
          "private": "eyJlMmJmYjczMC1lY2FhLTExZTYtOGY4OC0zNDM2M2JjN2M0YzAiOnsiY3JlYXRlIjoxMjAwMDAwMDAwMDAwLCJkZWxldGUiOjEyMDAwMDAwMDAwMDAsInVwZGF0ZSI6MTIwMDAwMDAwMDAwMH19",
          "dependencies": [
            "google_compute_network.kubernetes"
          ]
        }
      ]
    },
    {
      "mode": "managed",
      "type": "google_compute_target_pool",
      "name": "kubernetes-target-pool",
      "provider": "provider[\"registry.terraform.io/hashicorp/google\"]",
      "instances": [
        {
          "schema_version": 0,
          "attributes": {
            "backup_pool": "",
            "description": "",
            "failover_ratio": 0,
            "health_checks": [
              "https://www.googleapis.com/compute/v1/projects/infrastructure-384423/global/httpHealthChecks/kubernetes-health-check"
            ],
            "id": "projects/infrastructure-384423/regions/europe-west4/targetPools/kubernetes-target-pool",
            "instances": [
              "europe-west4-a/master-0",
              "europe-west4-b/master-1"
            ],
            "name": "kubernetes-target-pool",
            "project": "infrastructure-384423",
            "region": "europe-west4",
            "self_link": "https://www.googleapis.com/compute/v1/projects/infrastructure-384423/regions/europe-west4/targetPools/kubernetes-target-pool",
            "session_affinity": "NONE",
            "timeouts": null
          },
          "sensitive_attributes": [],
          "private": "eyJlMmJmYjczMC1lY2FhLTExZTYtOGY4OC0zNDM2M2JjN2M0YzAiOnsiY3JlYXRlIjoyNDAwMDAwMDAwMDAsImRlbGV0ZSI6MjQwMDAwMDAwMDAwLCJ1cGRhdGUiOjI0MDAwMDAwMDAwMH19",
          "dependencies": [
            "google_compute_http_health_check.kubernetes-health-check"
          ]
        }
      ]
    },
    {
      "mode": "managed",
      "type": "google_project",
      "name": "infrastructure",
      "provider": "provider[\"registry.terraform.io/hashicorp/google\"]",
      "instances": [
        {
          "schema_version": 1,
          "attributes": {
            "auto_create_network": true,
            "billing_account": "01C3BF-2B19C2-A740CC",
            "folder_id": null,
            "id": "projects/infrastructure-384423",
            "labels": {},
            "name": "infrastructure",
            "number": "294661384160",
            "org_id": null,
            "project_id": "infrastructure-384423",
            "skip_delete": null,
            "timeouts": {
              "create": null,
              "delete": null,
              "read": null,
              "update": null
            }
          },
          "sensitive_attributes": [],
          "private": "eyJlMmJmYjczMC1lY2FhLTExZTYtOGY4OC0zNDM2M2JjN2M0YzAiOnsiY3JlYXRlIjo2MDAwMDAwMDAwMDAsImRlbGV0ZSI6NjAwMDAwMDAwMDAwLCJyZWFkIjo2MDAwMDAwMDAwMDAsInVwZGF0ZSI6NjAwMDAwMDAwMDAwfSwic2NoZW1hX3ZlcnNpb24iOiIxIn0="
        }
      ]
    },
    {
      "mode": "managed",
      "type": "google_project_service",
      "name": "compute",
      "provider": "provider[\"registry.terraform.io/hashicorp/google\"]",
      "instances": [
        {
          "schema_version": 0,
          "attributes": {
            "disable_dependent_services": null,
            "disable_on_destroy": true,
            "id": "infrastructure-384423/compute.googleapis.com",
            "project": "infrastructure-384423",
            "service": "compute.googleapis.com",
            "timeouts": null
          },
          "sensitive_attributes": [],
          "private": "eyJlMmJmYjczMC1lY2FhLTExZTYtOGY4OC0zNDM2M2JjN2M0YzAiOnsiY3JlYXRlIjoxMjAwMDAwMDAwMDAwLCJkZWxldGUiOjEyMDAwMDAwMDAwMDAsInJlYWQiOjYwMDAwMDAwMDAwMCwidXBkYXRlIjoxMjAwMDAwMDAwMDAwfX0="
        }
      ]
    }
  ],
  "check_results": null
}
